// !$*UTF8*$!
{
	archiveVersion = 1;
	classes = {
	};
	objectVersion = 55;
	objects = {

/* Begin PBXBuildFile section */
		2C8C28F52768F8DF000E4F2C /* AppDelegate.swift in Sources */ = {isa = PBXBuildFile; fileRef = 2C8C28F42768F8DF000E4F2C /* AppDelegate.swift */; };
		2C8C28F72768F8DF000E4F2C /* SceneDelegate.swift in Sources */ = {isa = PBXBuildFile; fileRef = 2C8C28F62768F8DF000E4F2C /* SceneDelegate.swift */; };
		2C8C28F92768F8DF000E4F2C /* LoginViewController.swift in Sources */ = {isa = PBXBuildFile; fileRef = 2C8C28F82768F8DF000E4F2C /* LoginViewController.swift */; };
		2C8C28FC2768F8DF000E4F2C /* Main.storyboard in Resources */ = {isa = PBXBuildFile; fileRef = 2C8C28FA2768F8DF000E4F2C /* Main.storyboard */; };
		2C8C28FE2768F8E1000E4F2C /* Assets.xcassets in Resources */ = {isa = PBXBuildFile; fileRef = 2C8C28FD2768F8E1000E4F2C /* Assets.xcassets */; };
		2C8C29012768F8E1000E4F2C /* LaunchScreen.storyboard in Resources */ = {isa = PBXBuildFile; fileRef = 2C8C28FF2768F8E1000E4F2C /* LaunchScreen.storyboard */; };
		2C8C290B2768F9E2000E4F2C /* WelcomeViewController.swift in Sources */ = {isa = PBXBuildFile; fileRef = 2C8C290A2768F9E2000E4F2C /* WelcomeViewController.swift */; };
		2CC08A0B276CA9660010318B /* User.swift in Sources */ = {isa = PBXBuildFile; fileRef = 2CC08A0A276CA9660010318B /* User.swift */; };
		2CC08A0D276CA9740010318B /* Person.swift in Sources */ = {isa = PBXBuildFile; fileRef = 2CC08A0C276CA9740010318B /* Person.swift */; };
/* End PBXBuildFile section */

/* Begin PBXFileReference section */
		2C8C28F12768F8DF000E4F2C /* HW_2.2_Authorization.app */ = {isa = PBXFileReference; explicitFileType = wrapper.application; includeInIndex = 0; path = HW_2.2_Authorization.app; sourceTree = BUILT_PRODUCTS_DIR; };
		2C8C28F42768F8DF000E4F2C /* AppDelegate.swift */ = {isa = PBXFileReference; lastKnownFileType = sourcecode.swift; path = AppDelegate.swift; sourceTree = "<group>"; };
		2C8C28F62768F8DF000E4F2C /* SceneDelegate.swift */ = {isa = PBXFileReference; lastKnownFileType = sourcecode.swift; path = SceneDelegate.swift; sourceTree = "<group>"; };
		2C8C28F82768F8DF000E4F2C /* LoginViewController.swift */ = {isa = PBXFileReference; lastKnownFileType = sourcecode.swift; path = LoginViewController.swift; sourceTree = "<group>"; };
		2C8C28FB2768F8DF000E4F2C /* Base */ = {isa = PBXFileReference; lastKnownFileType = file.storyboard; name = Base; path = Base.lproj/Main.storyboard; sourceTree = "<group>"; };
		2C8C28FD2768F8E1000E4F2C /* Assets.xcassets */ = {isa = PBXFileReference; lastKnownFileType = folder.assetcatalog; path = Assets.xcassets; sourceTree = "<group>"; };
		2C8C29002768F8E1000E4F2C /* Base */ = {isa = PBXFileReference; lastKnownFileType = file.storyboard; name = Base; path = Base.lproj/LaunchScreen.storyboard; sourceTree = "<group>"; };
		2C8C29022768F8E1000E4F2C /* Info.plist */ = {isa = PBXFileReference; lastKnownFileType = text.plist.xml; path = Info.plist; sourceTree = "<group>"; };
		2C8C290A2768F9E2000E4F2C /* WelcomeViewController.swift */ = {isa = PBXFileReference; lastKnownFileType = sourcecode.swift; path = WelcomeViewController.swift; sourceTree = "<group>"; };
		2CC08A0A276CA9660010318B /* User.swift */ = {isa = PBXFileReference; lastKnownFileType = sourcecode.swift; path = User.swift; sourceTree = "<group>"; };
		2CC08A0C276CA9740010318B /* Person.swift */ = {isa = PBXFileReference; lastKnownFileType = sourcecode.swift; path = Person.swift; sourceTree = "<group>"; };
/* End PBXFileReference section */

/* Begin PBXFrameworksBuildPhase section */
		2C8C28EE2768F8DF000E4F2C /* Frameworks */ = {
			isa = PBXFrameworksBuildPhase;
			buildActionMask = 2147483647;
			files = (
			);
			runOnlyForDeploymentPostprocessing = 0;
		};
/* End PBXFrameworksBuildPhase section */

/* Begin PBXGroup section */
		2C8C28E82768F8DF000E4F2C = {
			isa = PBXGroup;
			children = (
				2C8C28F32768F8DF000E4F2C /* HW_2.2_Authorization */,
				2C8C28F22768F8DF000E4F2C /* Products */,
			);
			sourceTree = "<group>";
		};
		2C8C28F22768F8DF000E4F2C /* Products */ = {
			isa = PBXGroup;
			children = (
				2C8C28F12768F8DF000E4F2C /* HW_2.2_Authorization.app */,
			);
			name = Products;
			sourceTree = "<group>";
		};
		2C8C28F32768F8DF000E4F2C /* HW_2.2_Authorization */ = {
			isa = PBXGroup;
			children = (
				2CD419E8276C98FC00412866 /* Models */,
				2CD419EB276C996D00412866 /* SupportFiles */,
				2CD419E9276C992600412866 /* ViewControllers */,
				2CD419EA276C994100412866 /* Storyboards */,
				2CD419EC276C997A00412866 /* Resources */,
			);
			path = HW_2.2_Authorization;
			sourceTree = "<group>";
		};
		2CD419E8276C98FC00412866 /* Models */ = {
			isa = PBXGroup;
			children = (
				2CC08A0A276CA9660010318B /* User.swift */,
				2CC08A0C276CA9740010318B /* Person.swift */,
			);
			path = Models;
			sourceTree = "<group>";
		};
		2CD419E9276C992600412866 /* ViewControllers */ = {
			isa = PBXGroup;
			children = (
				2C8C28F82768F8DF000E4F2C /* LoginViewController.swift */,
				2C8C290A2768F9E2000E4F2C /* WelcomeViewController.swift */,
			);
			path = ViewControllers;
			sourceTree = "<group>";
		};
		2CD419EA276C994100412866 /* Storyboards */ = {
			isa = PBXGroup;
			children = (
				2C8C28FA2768F8DF000E4F2C /* Main.storyboard */,
				2C8C28FF2768F8E1000E4F2C /* LaunchScreen.storyboard */,
			);
			path = Storyboards;
			sourceTree = "<group>";
		};
		2CD419EB276C996D00412866 /* SupportFiles */ = {
			isa = PBXGroup;
			children = (
				2C8C28F42768F8DF000E4F2C /* AppDelegate.swift */,
				2C8C28F62768F8DF000E4F2C /* SceneDelegate.swift */,
				2C8C29022768F8E1000E4F2C /* Info.plist */,
			);
			path = SupportFiles;
			sourceTree = "<group>";
		};
		2CD419EC276C997A00412866 /* Resources */ = {
			isa = PBXGroup;
			children = (
				2C8C28FD2768F8E1000E4F2C /* Assets.xcassets */,
			);
			path = Resources;
			sourceTree = "<group>";
		};
/* End PBXGroup section */

/* Begin PBXNativeTarget section */
		2C8C28F02768F8DF000E4F2C /* HW_2.2_Authorization */ = {
			isa = PBXNativeTarget;
			buildConfigurationList = 2C8C29052768F8E1000E4F2C /* Build configuration list for PBXNativeTarget "HW_2.2_Authorization" */;
			buildPhases = (
				2C8C28ED2768F8DF000E4F2C /* Sources */,
				2C8C28EE2768F8DF000E4F2C /* Frameworks */,
				2C8C28EF2768F8DF000E4F2C /* Resources */,
			);
			buildRules = (
			);
			dependencies = (
			);
			name = HW_2.2_Authorization;
			productName = HW_2.2_Authorization;
			productReference = 2C8C28F12768F8DF000E4F2C /* HW_2.2_Authorization.app */;
			productType = "com.apple.product-type.application";
		};
/* End PBXNativeTarget section */

/* Begin PBXProject section */
		2C8C28E92768F8DF000E4F2C /* Project object */ = {
			isa = PBXProject;
			attributes = {
				BuildIndependentTargetsInParallel = 1;
				LastSwiftUpdateCheck = 1310;
				LastUpgradeCheck = 1310;
				TargetAttributes = {
					2C8C28F02768F8DF000E4F2C = {
						CreatedOnToolsVersion = 13.1;
					};
				};
			};
			buildConfigurationList = 2C8C28EC2768F8DF000E4F2C /* Build configuration list for PBXProject "HW_2.2_Authorization" */;
			compatibilityVersion = "Xcode 13.0";
			developmentRegion = en;
			hasScannedForEncodings = 0;
			knownRegions = (
				en,
				Base,
			);
			mainGroup = 2C8C28E82768F8DF000E4F2C;
			productRefGroup = 2C8C28F22768F8DF000E4F2C /* Products */;
			projectDirPath = "";
			projectRoot = "";
			targets = (
				2C8C28F02768F8DF000E4F2C /* HW_2.2_Authorization */,
			);
		};
/* End PBXProject section */

/* Begin PBXResourcesBuildPhase section */
		2C8C28EF2768F8DF000E4F2C /* Resources */ = {
			isa = PBXResourcesBuildPhase;
			buildActionMask = 2147483647;
			files = (
				2C8C29012768F8E1000E4F2C /* LaunchScreen.storyboard in Resources */,
				2C8C28FE2768F8E1000E4F2C /* Assets.xcassets in Resources */,
				2C8C28FC2768F8DF000E4F2C /* Main.storyboard in Resources */,
			);
			runOnlyForDeploymentPostprocessing = 0;
		};
/* End PBXResourcesBuildPhase section */

/* Begin PBXSourcesBuildPhase section */
		2C8C28ED2768F8DF000E4F2C /* Sources */ = {
			isa = PBXSourcesBuildPhase;
			buildActionMask = 2147483647;
			files = (
				2CC08A0D276CA9740010318B /* Person.swift in Sources */,
				2C8C28F92768F8DF000E4F2C /* LoginViewController.swift in Sources */,
				2C8C290B2768F9E2000E4F2C /* WelcomeViewController.swift in Sources */,
				2C8C28F52768F8DF000E4F2C /* AppDelegate.swift in Sources */,
				2CC08A0B276CA9660010318B /* User.swift in Sources */,
				2C8C28F72768F8DF000E4F2C /* SceneDelegate.swift in Sources */,
			);
			runOnlyForDeploymentPostprocessing = 0;
		};
/* End PBXSourcesBuildPhase section */

/* Begin PBXVariantGroup section */
		2C8C28FA2768F8DF000E4F2C /* Main.storyboard */ = {
			isa = PBXVariantGroup;
			children = (
				2C8C28FB2768F8DF000E4F2C /* Base */,
			);
			name = Main.storyboard;
			sourceTree = "<group>";
		};
		2C8C28FF2768F8E1000E4F2C /* LaunchScreen.storyboard */ = {
			isa = PBXVariantGroup;
			children = (
				2C8C29002768F8E1000E4F2C /* Base */,
			);
			name = LaunchScreen.storyboard;
			sourceTree = "<group>";
		};
/* End PBXVariantGroup section */

/* Begin XCBuildConfiguration section */
		2C8C29032768F8E1000E4F2C /* Debug */ = {
			isa = XCBuildConfiguration;
			buildSettings = {
				ALWAYS_SEARCH_USER_PATHS = NO;
				CLANG_ANALYZER_NONNULL = YES;
				CLANG_ANALYZER_NUMBER_OBJECT_CONVERSION = YES_AGGRESSIVE;
				CLANG_CXX_LANGUAGE_STANDARD = "gnu++17";
				CLANG_CXX_LIBRARY = "libc++";
				CLANG_ENABLE_MODULES = YES;
				CLANG_ENABLE_OBJC_ARC = YES;
				CLANG_ENABLE_OBJC_WEAK = YES;
				CLANG_WARN_BLOCK_CAPTURE_AUTORELEASING = YES;
				CLANG_WARN_BOOL_CONVERSION = YES;
				CLANG_WARN_COMMA = YES;
				CLANG_WARN_CONSTANT_CONVERSION = YES;
				CLANG_WARN_DEPRECATED_OBJC_IMPLEMENTATIONS = YES;
				CLANG_WARN_DIRECT_OBJC_ISA_USAGE = YES_ERROR;
				CLANG_WARN_DOCUMENTATION_COMMENTS = YES;
				CLANG_WARN_EMPTY_BODY = YES;
				CLANG_WARN_ENUM_CONVERSION = YES;
				CLANG_WARN_INFINITE_RECURSION = YES;
				CLANG_WARN_INT_CONVERSION = YES;
				CLANG_WARN_NON_LITERAL_NULL_CONVERSION = YES;
				CLANG_WARN_OBJC_IMPLICIT_RETAIN_SELF = YES;
				CLANG_WARN_OBJC_LITERAL_CONVERSION = YES;
				CLANG_WARN_OBJC_ROOT_CLASS = YES_ERROR;
				CLANG_WARN_QUOTED_INCLUDE_IN_FRAMEWORK_HEADER = YES;
				CLANG_WARN_RANGE_LOOP_ANALYSIS = YES;
				CLANG_WARN_STRICT_PROTOTYPES = YES;
				CLANG_WARN_SUSPICIOUS_MOVE = YES;
				CLANG_WARN_UNGUARDED_AVAILABILITY = YES_AGGRESSIVE;
				CLANG_WARN_UNREACHABLE_CODE = YES;
				CLANG_WARN__DUPLICATE_METHOD_MATCH = YES;
				COPY_PHASE_STRIP = NO;
				DEBUG_INFORMATION_FORMAT = dwarf;
				ENABLE_STRICT_OBJC_MSGSEND = YES;
				ENABLE_TESTABILITY = YES;
				GCC_C_LANGUAGE_STANDARD = gnu11;
				GCC_DYNAMIC_NO_PIC = NO;
				GCC_NO_COMMON_BLOCKS = YES;
				GCC_OPTIMIZATION_LEVEL = 0;
				GCC_PREPROCESSOR_DEFINITIONS = (
					"DEBUG=1",
					"$(inherited)",
				);
				GCC_WARN_64_TO_32_BIT_CONVERSION = YES;
				GCC_WARN_ABOUT_RETURN_TYPE = YES_ERROR;
				GCC_WARN_UNDECLARED_SELECTOR = YES;
				GCC_WARN_UNINITIALIZED_AUTOS = YES_AGGRESSIVE;
				GCC_WARN_UNUSED_FUNCTION = YES;
				GCC_WARN_UNUSED_VARIABLE = YES;
				IPHONEOS_DEPLOYMENT_TARGET = 15.0;
				MTL_ENABLE_DEBUG_INFO = INCLUDE_SOURCE;
				MTL_FAST_MATH = YES;
				ONLY_ACTIVE_ARCH = YES;
				SDKROOT = iphoneos;
				SWIFT_ACTIVE_COMPILATION_CONDITIONS = DEBUG;
				SWIFT_OPTIMIZATION_LEVEL = "-Onone";
			};
			name = Debug;
		};
		2C8C29042768F8E1000E4F2C /* Release */ = {
			isa = XCBuildConfiguration;
			buildSettings = {
				ALWAYS_SEARCH_USER_PATHS = NO;
				CLANG_ANALYZER_NONNULL = YES;
				CLANG_ANALYZER_NUMBER_OBJECT_CONVERSION = YES_AGGRESSIVE;
				CLANG_CXX_LANGUAGE_STANDARD = "gnu++17";
				CLANG_CXX_LIBRARY = "libc++";
				CLANG_ENABLE_MODULES = YES;
				CLANG_ENABLE_OBJC_ARC = YES;
				CLANG_ENABLE_OBJC_WEAK = YES;
				CLANG_WARN_BLOCK_CAPTURE_AUTORELEASING = YES;
				CLANG_WARN_BOOL_CONVERSION = YES;
				CLANG_WARN_COMMA = YES;
				CLANG_WARN_CONSTANT_CONVERSION = YES;
				CLANG_WARN_DEPRECATED_OBJC_IMPLEMENTATIONS = YES;
				CLANG_WARN_DIRECT_OBJC_ISA_USAGE = YES_ERROR;
				CLANG_WARN_DOCUMENTATION_COMMENTS = YES;
				CLANG_WARN_EMPTY_BODY = YES;
				CLANG_WARN_ENUM_CONVERSION = YES;
				CLANG_WARN_INFINITE_RECURSION = YES;
				CLANG_WARN_INT_CONVERSION = YES;
				CLANG_WARN_NON_LITERAL_NULL_CONVERSION = YES;
				CLANG_WARN_OBJC_IMPLICIT_RETAIN_SELF = YES;
				CLANG_WARN_OBJC_LITERAL_CONVERSION = YES;
				CLANG_WARN_OBJC_ROOT_CLASS = YES_ERROR;
				CLANG_WARN_QUOTED_INCLUDE_IN_FRAMEWORK_HEADER = YES;
				CLANG_WARN_RANGE_LOOP_ANALYSIS = YES;
				CLANG_WARN_STRICT_PROTOTYPES = YES;
				CLANG_WARN_SUSPICIOUS_MOVE = YES;
				CLANG_WARN_UNGUARDED_AVAILABILITY = YES_AGGRESSIVE;
				CLANG_WARN_UNREACHABLE_CODE = YES;
				CLANG_WARN__DUPLICATE_METHOD_MATCH = YES;
				COPY_PHASE_STRIP = NO;
				DEBUG_INFORMATION_FORMAT = "dwarf-with-dsym";
				ENABLE_NS_ASSERTIONS = NO;
				ENABLE_STRICT_OBJC_MSGSEND = YES;
				GCC_C_LANGUAGE_STANDARD = gnu11;
				GCC_NO_COMMON_BLOCKS = YES;
				GCC_WARN_64_TO_32_BIT_CONVERSION = YES;
				GCC_WARN_ABOUT_RETURN_TYPE = YES_ERROR;
				GCC_WARN_UNDECLARED_SELECTOR = YES;
				GCC_WARN_UNINITIALIZED_AUTOS = YES_AGGRESSIVE;
				GCC_WARN_UNUSED_FUNCTION = YES;
				GCC_WARN_UNUSED_VARIABLE = YES;
				IPHONEOS_DEPLOYMENT_TARGET = 15.0;
				MTL_ENABLE_DEBUG_INFO = NO;
				MTL_FAST_MATH = YES;
				SDKROOT = iphoneos;
				SWIFT_COMPILATION_MODE = wholemodule;
				SWIFT_OPTIMIZATION_LEVEL = "-O";
				VALIDATE_PRODUCT = YES;
			};
			name = Release;
		};
		2C8C29062768F8E1000E4F2C /* Debug */ = {
			isa = XCBuildConfiguration;
			buildSettings = {
				ASSETCATALOG_COMPILER_APPICON_NAME = AppIcon;
				ASSETCATALOG_COMPILER_GLOBAL_ACCENT_COLOR_NAME = AccentColor;
				CODE_SIGN_STYLE = Automatic;
				CURRENT_PROJECT_VERSION = 1;
				GENERATE_INFOPLIST_FILE = YES;
				INFOPLIST_FILE = HW_2.2_Authorization/SupportFiles/Info.plist;
				INFOPLIST_KEY_CFBundleDisplayName = Authorization;
				INFOPLIST_KEY_UIApplicationSupportsIndirectInputEvents = YES;
				INFOPLIST_KEY_UILaunchStoryboardName = LaunchScreen;
				INFOPLIST_KEY_UIMainStoryboardFile = Main;
				INFOPLIST_KEY_UISupportedInterfaceOrientations = UIInterfaceOrientationPortrait;
				INFOPLIST_KEY_UISupportedInterfaceOrientations_iPad = "UIInterfaceOrientationPortrait UIInterfaceOrientationPortraitUpsideDown UIInterfaceOrientationLandscapeLeft UIInterfaceOrientationLandscapeRight";
				INFOPLIST_KEY_UISupportedInterfaceOrientations_iPhone = "UIInterfaceOrientationPortrait UIInterfaceOrientationLandscapeLeft UIInterfaceOrientationLandscapeRight";
				LD_RUNPATH_SEARCH_PATHS = (
					"$(inherited)",
					"@executable_path/Frameworks",
				);
				MARKETING_VERSION = 1.0;
				PRODUCT_BUNDLE_IDENTIFIER = "com.HW-2-2-Authorization";
				PRODUCT_NAME = "$(TARGET_NAME)";
				SWIFT_EMIT_LOC_STRINGS = YES;
				SWIFT_VERSION = 5.0;
				TARGETED_DEVICE_FAMILY = 1;
			};
			name = Debug;
		};
		2C8C29072768F8E1000E4F2C /* Release */ = {
			isa = XCBuildConfiguration;
			buildSettings = {
				ASSETCATALOG_COMPILER_APPICON_NAME = AppIcon;
				ASSETCATALOG_COMPILER_GLOBAL_ACCENT_COLOR_NAME = AccentColor;
				CODE_SIGN_STYLE = Automatic;
				CURRENT_PROJECT_VERSION = 1;
				GENERATE_INFOPLIST_FILE = YES;
				INFOPLIST_FILE = HW_2.2_Authorization/SupportFiles/Info.plist;
				INFOPLIST_KEY_CFBundleDisplayName = Authorization;
				INFOPLIST_KEY_UIApplicationSupportsIndirectInputEvents = YES;
				INFOPLIST_KEY_UILaunchStoryboardName = LaunchScreen;
				INFOPLIST_KEY_UIMainStoryboardFile = Main;
				INFOPLIST_KEY_UISupportedInterfaceOrientations = UIInterfaceOrientationPortrait;
				INFOPLIST_KEY_UISupportedInterfaceOrientations_iPad = "UIInterfaceOrientationPortrait UIInterfaceOrientationPortraitUpsideDown UIInterfaceOrientationLandscapeLeft UIInterfaceOrientationLandscapeRight";
				INFOPLIST_KEY_UISupportedInterfaceOrientations_iPhone = "UIInterfaceOrientationPortrait UIInterfaceOrientationLandscapeLeft UIInterfaceOrientationLandscapeRight";
				LD_RUNPATH_SEARCH_PATHS = (
					"$(inherited)",
					"@executable_path/Frameworks",
				);
				MARKETING_VERSION = 1.0;
				PRODUCT_BUNDLE_IDENTIFIER = "com.HW-2-2-Authorization";
				PRODUCT_NAME = "$(TARGET_NAME)";
				SWIFT_EMIT_LOC_STRINGS = YES;
				SWIFT_VERSION = 5.0;
				TARGETED_DEVICE_FAMILY = 1;
			};
			name = Release;
		};
/* End XCBuildConfiguration section */

/* Begin XCConfigurationList section */
		2C8C28EC2768F8DF000E4F2C /* Build configuration list for PBXProject "HW_2.2_Authorization" */ = {
			isa = XCConfigurationList;
			buildConfigurations = (
				2C8C29032768F8E1000E4F2C /* Debug */,
				2C8C29042768F8E1000E4F2C /* Release */,
			);
			defaultConfigurationIsVisible = 0;
			defaultConfigurationName = Release;
		};
		2C8C29052768F8E1000E4F2C /* Build configuration list for PBXNativeTarget "HW_2.2_Authorization" */ = {
			isa = XCConfigurationList;
			buildConfigurations = (
				2C8C29062768F8E1000E4F2C /* Debug */,
				2C8C29072768F8E1000E4F2C /* Release */,
			);
			defaultConfigurationIsVisible = 0;
			defaultConfigurationName = Release;
		};
/* End XCConfigurationList section */
	};
	rootObject = 2C8C28E92768F8DF000E4F2C /* Project object */;
}
